<?xml version="1.0" encoding="utf-8"?>
<Project ToolsVersion="4.0" xmlns="http://schemas.microsoft.com/developer/msbuild/2003">
  <ItemGroup>
    <Filter Include="소스 파일">
      <UniqueIdentifier>{4FC737F1-C7A5-4376-A066-2A32D752A2FF}</UniqueIdentifier>
      <Extensions>cpp;c;cc;cxx;c++;cppm;ixx;def;odl;idl;hpj;bat;asm;asmx</Extensions>
    </Filter>
    <Filter Include="헤더 파일">
      <UniqueIdentifier>{93995380-89BD-4b04-88EB-625FBE52EBFB}</UniqueIdentifier>
      <Extensions>h;hh;hpp;hxx;h++;hm;inl;inc;ipp;xsd</Extensions>
    </Filter>
    <Filter Include="리소스 파일">
      <UniqueIdentifier>{67DA6AB6-F800-4c08-8B7A-83BB121AAD01}</UniqueIdentifier>
      <Extensions>rc;ico;cur;bmp;dlg;rc2;rct;bin;rgs;gif;jpg;jpeg;jpe;resx;tiff;tif;png;wav;mfcribbon-ms</Extensions>
    </Filter>
    <Filter Include="소스 파일\Day_01">
      <UniqueIdentifier>{e7ba5559-0552-44db-81e0-551a0d4cebc0}</UniqueIdentifier>
    </Filter>
    <Filter Include="소스 파일\Day_02">
      <UniqueIdentifier>{02dd4b6e-ae6d-4e6f-ae85-abc603faaf13}</UniqueIdentifier>
    </Filter>
    <Filter Include="소스 파일\Day_03">
      <UniqueIdentifier>{caf1be74-13ca-4bca-afa4-912d99a227e6}</UniqueIdentifier>
    </Filter>
    <Filter Include="소스 파일\Day_04">
      <UniqueIdentifier>{e59ce518-51b4-4283-aa7e-369484388c2f}</UniqueIdentifier>
    </Filter>
    <Filter Include="소스 파일\Day_05">
      <UniqueIdentifier>{c7d6875c-30f1-4d94-91da-9810f5ae9056}</UniqueIdentifier>
    </Filter>
    <Filter Include="소스 파일\Day_06">
      <UniqueIdentifier>{307e3ca2-c034-4269-887c-f93c6eae1222}</UniqueIdentifier>
    </Filter>
    <Filter Include="소스 파일\Day_07">
      <UniqueIdentifier>{5aaa49d4-a882-4ddc-b222-44c8bfb9caf7}</UniqueIdentifier>
    </Filter>
  </ItemGroup>
  <ItemGroup>
    <ClCompile Include="hello.c">
      <Filter>소스 파일\Day_01</Filter>
    </ClCompile>
    <ClCompile Include="기본구조.c">
      <Filter>소스 파일\Day_02</Filter>
    </ClCompile>
    <ClCompile Include="영어다이아몬드.c">
      <Filter>소스 파일\Day_02</Filter>
    </ClCompile>
    <ClCompile Include="변수.c">
      <Filter>소스 파일\Day_02</Filter>
    </ClCompile>
    <ClCompile Include="변수2.c">
      <Filter>소스 파일\Day_03</Filter>
    </ClCompile>
    <ClCompile Include="변수의출력.c">
      <Filter>소스 파일\Day_03</Filter>
    </ClCompile>
    <ClCompile Include="값의범위.c">
      <Filter>소스 파일\Day_03</Filter>
    </ClCompile>
    <ClCompile Include="아스키코드.c">
      <Filter>소스 파일\Day_04</Filter>
    </ClCompile>
    <ClCompile Include="상수.c">
      <Filter>소스 파일\Day_04</Filter>
    </ClCompile>
    <ClCompile Include="자료형변환.c">
      <Filter>소스 파일\Day_04</Filter>
    </ClCompile>
    <ClCompile Include="형식문자.c">
      <Filter>소스 파일\Day_05</Filter>
    </ClCompile>
    <ClCompile Include="scanf.c">
      <Filter>소스 파일\Day_05</Filter>
    </ClCompile>
    <ClCompile Include="scanf실습.c">
      <Filter>소스 파일\Day_05</Filter>
    </ClCompile>
    <ClCompile Include="산술연산자.c">
      <Filter>소스 파일\Day_05</Filter>
    </ClCompile>
    <ClCompile Include="복합대입연산자.c">
      <Filter>소스 파일\Day_06</Filter>
    </ClCompile>
    <ClCompile Include="비교연산자.c">
      <Filter>소스 파일\Day_06</Filter>
    </ClCompile>
    <ClCompile Include="짱구의기말고사.c">
      <Filter>소스 파일\Day_06</Filter>
    </ClCompile>
    <ClCompile Include="논리연산자.c">
      <Filter>소스 파일\Day_06</Filter>
    </ClCompile>
    <ClCompile Include="삼항조건연산자.c">
      <Filter>소스 파일\Day_06</Filter>
    </ClCompile>
    <ClCompile Include="비트단위연산자.c">
      <Filter>소스 파일\Day_07</Filter>
    </ClCompile>
    <ClCompile Include="시프트연산자.c">
      <Filter>소스 파일\Day_07</Filter>
    </ClCompile>
    <ClCompile Include="if문.c">
      <Filter>소스 파일\Day_07</Filter>
    </ClCompile>
    <ClCompile Include="elseif문.c">
      <Filter>소스 파일\Day_07</Filter>
    </ClCompile>
    <ClCompile Include="학점문제.c">
      <Filter>소스 파일\Day_07</Filter>
    </ClCompile>
  </ItemGroup>
</Project>